
Microsoft Visual Studio Solution File, Format Version 12.00
# Visual Studio 15
VisualStudioVersion = 15.0.27703.2035
MinimumVisualStudioVersion = 10.0.40219.1
Project("{FAE04EC0-301F-11D3-BF4B-00C04F79EFBC}") = "BasicHTTPServer", "BasicHTTPServer\BasicHTTPServer.csproj", "{BA6F03B5-8A14-4470-A308-D3027CCFB972}"
EndProject
Global
	GlobalSection(SolutionConfigurationPlatforms) = preSolution
		Debug|Any CPU = Debug|Any CPU
		Release|Any CPU = Release|Any CPU
	EndGlobalSection
	GlobalSection(ProjectConfigurationPlatforms) = postSolution
		{BA6F03B5-8A14-4470-A308-D3027CCFB972}.Debug|Any CPU.ActiveCfg = Debug|Any CPU
		{BA6F03B5-8A14-4470-A308-D3027CCFB972}.Debug|Any CPU.Build.0 = Debug|Any CPU
		{BA6F03B5-8A14-4470-A308-D3027CCFB972}.Release|Any CPU.ActiveCfg = Release|Any CPU
		{BA6F03B5-8A14-4470-A308-D3027CCFB972}.Release|Any CPU.Build.0 = Release|Any CPU
	EndGlobalSection
	GlobalSection(SolutionProperties) = preSolution
		HideSolutionNode = FALSE
	EndGlobalSection
	GlobalSection(ExtensibilityGlobals) = postSolution
		SolutionGuid = {D9DC94BF-8B67-4D19-A0D7-2438439483A4}
	EndGlobalSection
EndGlobal
